
Microsoft Visual Studio Solution File, Format Version 12.00
# Visual Studio Version 17
VisualStudioVersion = 17.10.35122.118
MinimumVisualStudioVersion = 10.0.40219.1
Project("{9A19103F-16F7-4668-BE54-9A1E7A4F7556}") = "LancheMac_SSMS", "LancheMac_SSMS\LancheMac_SSMS.csproj", "{B3B3E298-C1A7-488D-91DB-40C360A75D40}"
EndProject
Global
	GlobalSection(SolutionConfigurationPlatforms) = preSolution
		Debug|Any CPU = Debug|Any CPU
		Release|Any CPU = Release|Any CPU
	EndGlobalSection
	GlobalSection(ProjectConfigurationPlatforms) = postSolution
		{B3B3E298-C1A7-488D-91DB-40C360A75D40}.Debug|Any CPU.ActiveCfg = Debug|Any CPU
		{B3B3E298-C1A7-488D-91DB-40C360A75D40}.Debug|Any CPU.Build.0 = Debug|Any CPU
		{B3B3E298-C1A7-488D-91DB-40C360A75D40}.Release|Any CPU.ActiveCfg = Release|Any CPU
		{B3B3E298-C1A7-488D-91DB-40C360A75D40}.Release|Any CPU.Build.0 = Release|Any CPU
	EndGlobalSection
	GlobalSection(SolutionProperties) = preSolution
		HideSolutionNode = FALSE
	EndGlobalSection
	GlobalSection(ExtensibilityGlobals) = postSolution
		SolutionGuid = {27C58A24-0F98-4611-8330-756EC63D58CD}
	EndGlobalSection
EndGlobal
